
Microsoft Visual Studio Solution File, Format Version 12.00
# Visual Studio Version 16
VisualStudioVersion = 16.0.29009.5
MinimumVisualStudioVersion = 10.0.40219.1
Project("{FAE04EC0-301F-11D3-BF4B-00C04F79EFBC}") = "LahmaOnline.Android", "LahmaOnline\LahmaOnline.Android\LahmaOnline.Android.csproj", "{6E21E3AD-42A2-4991-960D-88E9111630E6}"
EndProject
Project("{FAE04EC0-301F-11D3-BF4B-00C04F79EFBC}") = "LahmaOnline.iOS", "LahmaOnline\LahmaOnline.iOS\LahmaOnline.iOS.csproj", "{0D972DE9-F0A8-4F94-97BE-0C22938862B5}"
EndProject
Project("{9A19103F-16F7-4668-BE54-9A1E7A4F7556}") = "LahmaOnline", "LahmaOnline\LahmaOnline\LahmaOnline.csproj", "{F01C989E-C2D8-4518-804A-0D2175DBAD4B}"
EndProject
Project("{9A19103F-16F7-4668-BE54-9A1E7A4F7556}") = "BLL", "BLL\BLL.csproj", "{4C6247C8-AFE4-41DF-AB79-717C261DA431}"
EndProject
Project("{9A19103F-16F7-4668-BE54-9A1E7A4F7556}") = "LahmaOnline.Server", "Server\LahmaOnline.Server.csproj", "{3D3C0D90-4900-4084-8E3D-9B06FE3E4894}"
EndProject
Project("{FAE04EC0-301F-11D3-BF4B-00C04F79EFBC}") = "LahmaOnline.UWP", "LahmaOnline.UWP\LahmaOnline.UWP.csproj", "{DC07BCFE-EAF5-410B-B4EE-0A7B0490B5AD}"
EndProject
Project("{FAE04EC0-301F-11D3-BF4B-00C04F79EFBC}") = "LahmaOnline.UWP2", "LahmaOnline.2UWP\LahmaOnline.UWP2.csproj", "{933822D5-F6EA-47DC-AC9F-E27898F20F49}"
EndProject
Project("{9A19103F-16F7-4668-BE54-9A1E7A4F7556}") = "LahmaOnline.WebChat", "..\..\LahmaOnline.WebChat\LahmaOnline.WebChat.csproj", "{801B5A30-0EFC-4584-A61F-3253370BA480}"
EndProject
Global
	GlobalSection(SolutionConfigurationPlatforms) = preSolution
		Debug|Any CPU = Debug|Any CPU
		Debug|ARM = Debug|ARM
		Debug|ARM64 = Debug|ARM64
		Debug|iPhone = Debug|iPhone
		Debug|iPhoneSimulator = Debug|iPhoneSimulator
		Debug|x64 = Debug|x64
		Debug|x86 = Debug|x86
		Release|Any CPU = Release|Any CPU
		Release|ARM = Release|ARM
		Release|ARM64 = Release|ARM64
		Release|iPhone = Release|iPhone
		Release|iPhoneSimulator = Release|iPhoneSimulator
		Release|x64 = Release|x64
		Release|x86 = Release|x86
	EndGlobalSection
	GlobalSection(ProjectConfigurationPlatforms) = postSolution
		{6E21E3AD-42A2-4991-960D-88E9111630E6}.Debug|Any CPU.ActiveCfg = Debug|Any CPU
		{6E21E3AD-42A2-4991-960D-88E9111630E6}.Debug|Any CPU.Build.0 = Debug|Any CPU
		{6E21E3AD-42A2-4991-960D-88E9111630E6}.Debug|Any CPU.Deploy.0 = Debug|Any CPU
		{6E21E3AD-42A2-4991-960D-88E9111630E6}.Debug|ARM.ActiveCfg = Debug|Any CPU
		{6E21E3AD-42A2-4991-960D-88E9111630E6}.Debug|ARM.Build.0 = Debug|Any CPU
		{6E21E3AD-42A2-4991-960D-88E9111630E6}.Debug|ARM.Deploy.0 = Debug|Any CPU
		{6E21E3AD-42A2-4991-960D-88E9111630E6}.Debug|ARM64.ActiveCfg = Debug|Any CPU
		{6E21E3AD-42A2-4991-960D-88E9111630E6}.Debug|ARM64.Build.0 = Debug|Any CPU
		{6E21E3AD-42A2-4991-960D-88E9111630E6}.Debug|ARM64.Deploy.0 = Debug|Any CPU
		{6E21E3AD-42A2-4991-960D-88E9111630E6}.Debug|iPhone.ActiveCfg = Debug|Any CPU
		{6E21E3AD-42A2-4991-960D-88E9111630E6}.Debug|iPhone.Build.0 = Debug|Any CPU
		{6E21E3AD-42A2-4991-960D-88E9111630E6}.Debug|iPhone.Deploy.0 = Debug|Any CPU
		{6E21E3AD-42A2-4991-960D-88E9111630E6}.Debug|iPhoneSimulator.ActiveCfg = Debug|Any CPU
		{6E21E3AD-42A2-4991-960D-88E9111630E6}.Debug|iPhoneSimulator.Build.0 = Debug|Any CPU
		{6E21E3AD-42A2-4991-960D-88E9111630E6}.Debug|iPhoneSimulator.Deploy.0 = Debug|Any CPU
		{6E21E3AD-42A2-4991-960D-88E9111630E6}.Debug|x64.ActiveCfg = Debug|Any CPU
		{6E21E3AD-42A2-4991-960D-88E9111630E6}.Debug|x64.Build.0 = Debug|Any CPU
		{6E21E3AD-42A2-4991-960D-88E9111630E6}.Debug|x64.Deploy.0 = Debug|Any CPU
		{6E21E3AD-42A2-4991-960D-88E9111630E6}.Debug|x86.ActiveCfg = Debug|Any CPU
		{6E21E3AD-42A2-4991-960D-88E9111630E6}.Debug|x86.Build.0 = Debug|Any CPU
		{6E21E3AD-42A2-4991-960D-88E9111630E6}.Debug|x86.Deploy.0 = Debug|Any CPU
		{6E21E3AD-42A2-4991-960D-88E9111630E6}.Release|Any CPU.ActiveCfg = Release|Any CPU
		{6E21E3AD-42A2-4991-960D-88E9111630E6}.Release|Any CPU.Build.0 = Release|Any CPU
		{6E21E3AD-42A2-4991-960D-88E9111630E6}.Release|Any CPU.Deploy.0 = Release|Any CPU
		{6E21E3AD-42A2-4991-960D-88E9111630E6}.Release|ARM.ActiveCfg = Release|Any CPU
		{6E21E3AD-42A2-4991-960D-88E9111630E6}.Release|ARM.Build.0 = Release|Any CPU
		{6E21E3AD-42A2-4991-960D-88E9111630E6}.Release|ARM.Deploy.0 = Release|Any CPU
		{6E21E3AD-42A2-4991-960D-88E9111630E6}.Release|ARM64.ActiveCfg = Release|Any CPU
		{6E21E3AD-42A2-4991-960D-88E9111630E6}.Release|ARM64.Build.0 = Release|Any CPU
		{6E21E3AD-42A2-4991-960D-88E9111630E6}.Release|ARM64.Deploy.0 = Release|Any CPU
		{6E21E3AD-42A2-4991-960D-88E9111630E6}.Release|iPhone.ActiveCfg = Release|Any CPU
		{6E21E3AD-42A2-4991-960D-88E9111630E6}.Release|iPhone.Build.0 = Release|Any CPU
		{6E21E3AD-42A2-4991-960D-88E9111630E6}.Release|iPhone.Deploy.0 = Release|Any CPU
		{6E21E3AD-42A2-4991-960D-88E9111630E6}.Release|iPhoneSimulator.ActiveCfg = Release|Any CPU
		{6E21E3AD-42A2-4991-960D-88E9111630E6}.Release|iPhoneSimulator.Build.0 = Release|Any CPU
		{6E21E3AD-42A2-4991-960D-88E9111630E6}.Release|iPhoneSimulator.Deploy.0 = Release|Any CPU
		{6E21E3AD-42A2-4991-960D-88E9111630E6}.Release|x64.ActiveCfg = Release|Any CPU
		{6E21E3AD-42A2-4991-960D-88E9111630E6}.Release|x64.Build.0 = Release|Any CPU
		{6E21E3AD-42A2-4991-960D-88E9111630E6}.Release|x64.Deploy.0 = Release|Any CPU
		{6E21E3AD-42A2-4991-960D-88E9111630E6}.Release|x86.ActiveCfg = Release|Any CPU
		{6E21E3AD-42A2-4991-960D-88E9111630E6}.Release|x86.Build.0 = Release|Any CPU
		{6E21E3AD-42A2-4991-960D-88E9111630E6}.Release|x86.Deploy.0 = Release|Any CPU
		{0D972DE9-F0A8-4F94-97BE-0C22938862B5}.Debug|Any CPU.ActiveCfg = Debug|iPhoneSimulator
		{0D972DE9-F0A8-4F94-97BE-0C22938862B5}.Debug|Any CPU.Deploy.0 = Debug|iPhoneSimulator
		{0D972DE9-F0A8-4F94-97BE-0C22938862B5}.Debug|ARM.ActiveCfg = Debug|iPhone
		{0D972DE9-F0A8-4F94-97BE-0C22938862B5}.Debug|ARM64.ActiveCfg = Debug|iPhone
		{0D972DE9-F0A8-4F94-97BE-0C22938862B5}.Debug|iPhone.ActiveCfg = Debug|iPhone
		{0D972DE9-F0A8-4F94-97BE-0C22938862B5}.Debug|iPhone.Build.0 = Debug|iPhone
		{0D972DE9-F0A8-4F94-97BE-0C22938862B5}.Debug|iPhone.Deploy.0 = Debug|iPhone
		{0D972DE9-F0A8-4F94-97BE-0C22938862B5}.Debug|iPhoneSimulator.ActiveCfg = Debug|iPhoneSimulator
		{0D972DE9-F0A8-4F94-97BE-0C22938862B5}.Debug|iPhoneSimulator.Build.0 = Debug|iPhoneSimulator
		{0D972DE9-F0A8-4F94-97BE-0C22938862B5}.Debug|iPhoneSimulator.Deploy.0 = Debug|iPhoneSimulator
		{0D972DE9-F0A8-4F94-97BE-0C22938862B5}.Debug|x64.ActiveCfg = Debug|iPhone
		{0D972DE9-F0A8-4F94-97BE-0C22938862B5}.Debug|x86.ActiveCfg = Debug|iPhone
		{0D972DE9-F0A8-4F94-97BE-0C22938862B5}.Release|Any CPU.ActiveCfg = Release|iPhone
		{0D972DE9-F0A8-4F94-97BE-0C22938862B5}.Release|Any CPU.Build.0 = Release|iPhone
		{0D972DE9-F0A8-4F94-97BE-0C22938862B5}.Release|Any CPU.Deploy.0 = Release|iPhone
		{0D972DE9-F0A8-4F94-97BE-0C22938862B5}.Release|ARM.ActiveCfg = Release|iPhoneSimulator
		{0D972DE9-F0A8-4F94-97BE-0C22938862B5}.Release|ARM64.ActiveCfg = Release|iPhoneSimulator
		{0D972DE9-F0A8-4F94-97BE-0C22938862B5}.Release|iPhone.ActiveCfg = Release|iPhone
		{0D972DE9-F0A8-4F94-97BE-0C22938862B5}.Release|iPhone.Build.0 = Release|iPhone
		{0D972DE9-F0A8-4F94-97BE-0C22938862B5}.Release|iPhone.Deploy.0 = Release|iPhone
		{0D972DE9-F0A8-4F94-97BE-0C22938862B5}.Release|iPhoneSimulator.ActiveCfg = Release|iPhoneSimulator
		{0D972DE9-F0A8-4F94-97BE-0C22938862B5}.Release|iPhoneSimulator.Build.0 = Release|iPhoneSimulator
		{0D972DE9-F0A8-4F94-97BE-0C22938862B5}.Release|iPhoneSimulator.Deploy.0 = Release|iPhoneSimulator
		{0D972DE9-F0A8-4F94-97BE-0C22938862B5}.Release|x64.ActiveCfg = Release|iPhoneSimulator
		{0D972DE9-F0A8-4F94-97BE-0C22938862B5}.Release|x86.ActiveCfg = Release|iPhoneSimulator
		{F01C989E-C2D8-4518-804A-0D2175DBAD4B}.Debug|Any CPU.ActiveCfg = Debug|Any CPU
		{F01C989E-C2D8-4518-804A-0D2175DBAD4B}.Debug|Any CPU.Build.0 = Debug|Any CPU
		{F01C989E-C2D8-4518-804A-0D2175DBAD4B}.Debug|Any CPU.Deploy.0 = Debug|Any CPU
		{F01C989E-C2D8-4518-804A-0D2175DBAD4B}.Debug|ARM.ActiveCfg = Debug|Any CPU
		{F01C989E-C2D8-4518-804A-0D2175DBAD4B}.Debug|ARM.Build.0 = Debug|Any CPU
		{F01C989E-C2D8-4518-804A-0D2175DBAD4B}.Debug|ARM64.ActiveCfg = Debug|Any CPU
		{F01C989E-C2D8-4518-804A-0D2175DBAD4B}.Debug|ARM64.Build.0 = Debug|Any CPU
		{F01C989E-C2D8-4518-804A-0D2175DBAD4B}.Debug|iPhone.ActiveCfg = Debug|Any CPU
		{F01C989E-C2D8-4518-804A-0D2175DBAD4B}.Debug|iPhone.Build.0 = Debug|Any CPU
		{F01C989E-C2D8-4518-804A-0D2175DBAD4B}.Debug|iPhone.Deploy.0 = Debug|Any CPU
		{F01C989E-C2D8-4518-804A-0D2175DBAD4B}.Debug|iPhoneSimulator.ActiveCfg = Debug|Any CPU
		{F01C989E-C2D8-4518-804A-0D2175DBAD4B}.Debug|iPhoneSimulator.Build.0 = Debug|Any CPU
		{F01C989E-C2D8-4518-804A-0D2175DBAD4B}.Debug|iPhoneSimulator.Deploy.0 = Debug|Any CPU
		{F01C989E-C2D8-4518-804A-0D2175DBAD4B}.Debug|x64.ActiveCfg = Debug|Any CPU
		{F01C989E-C2D8-4518-804A-0D2175DBAD4B}.Debug|x64.Build.0 = Debug|Any CPU
		{F01C989E-C2D8-4518-804A-0D2175DBAD4B}.Debug|x86.ActiveCfg = Debug|Any CPU
		{F01C989E-C2D8-4518-804A-0D2175DBAD4B}.Debug|x86.Build.0 = Debug|Any CPU
		{F01C989E-C2D8-4518-804A-0D2175DBAD4B}.Release|Any CPU.ActiveCfg = Release|Any CPU
		{F01C989E-C2D8-4518-804A-0D2175DBAD4B}.Release|Any CPU.Build.0 = Release|Any CPU
		{F01C989E-C2D8-4518-804A-0D2175DBAD4B}.Release|Any CPU.Deploy.0 = Release|Any CPU
		{F01C989E-C2D8-4518-804A-0D2175DBAD4B}.Release|ARM.ActiveCfg = Release|Any CPU
		{F01C989E-C2D8-4518-804A-0D2175DBAD4B}.Release|ARM.Build.0 = Release|Any CPU
		{F01C989E-C2D8-4518-804A-0D2175DBAD4B}.Release|ARM64.ActiveCfg = Release|Any CPU
		{F01C989E-C2D8-4518-804A-0D2175DBAD4B}.Release|ARM64.Build.0 = Release|Any CPU
		{F01C989E-C2D8-4518-804A-0D2175DBAD4B}.Release|iPhone.ActiveCfg = Release|Any CPU
		{F01C989E-C2D8-4518-804A-0D2175DBAD4B}.Release|iPhone.Build.0 = Release|Any CPU
		{F01C989E-C2D8-4518-804A-0D2175DBAD4B}.Release|iPhone.Deploy.0 = Release|Any CPU
		{F01C989E-C2D8-4518-804A-0D2175DBAD4B}.Release|iPhoneSimulator.ActiveCfg = Release|Any CPU
		{F01C989E-C2D8-4518-804A-0D2175DBAD4B}.Release|iPhoneSimulator.Build.0 = Release|Any CPU
		{F01C989E-C2D8-4518-804A-0D2175DBAD4B}.Release|iPhoneSimulator.Deploy.0 = Release|Any CPU
		{F01C989E-C2D8-4518-804A-0D2175DBAD4B}.Release|x64.ActiveCfg = Release|Any CPU
		{F01C989E-C2D8-4518-804A-0D2175DBAD4B}.Release|x64.Build.0 = Release|Any CPU
		{F01C989E-C2D8-4518-804A-0D2175DBAD4B}.Release|x86.ActiveCfg = Release|Any CPU
		{F01C989E-C2D8-4518-804A-0D2175DBAD4B}.Release|x86.Build.0 = Release|Any CPU
		{4C6247C8-AFE4-41DF-AB79-717C261DA431}.Debug|Any CPU.ActiveCfg = Debug|Any CPU
		{4C6247C8-AFE4-41DF-AB79-717C261DA431}.Debug|Any CPU.Build.0 = Debug|Any CPU
		{4C6247C8-AFE4-41DF-AB79-717C261DA431}.Debug|ARM.ActiveCfg = Debug|Any CPU
		{4C6247C8-AFE4-41DF-AB79-717C261DA431}.Debug|ARM.Build.0 = Debug|Any CPU
		{4C6247C8-AFE4-41DF-AB79-717C261DA431}.Debug|ARM64.ActiveCfg = Debug|Any CPU
		{4C6247C8-AFE4-41DF-AB79-717C261DA431}.Debug|ARM64.Build.0 = Debug|Any CPU
		{4C6247C8-AFE4-41DF-AB79-717C261DA431}.Debug|iPhone.ActiveCfg = Debug|Any CPU
		{4C6247C8-AFE4-41DF-AB79-717C261DA431}.Debug|iPhone.Build.0 = Debug|Any CPU
		{4C6247C8-AFE4-41DF-AB79-717C261DA431}.Debug|iPhoneSimulator.ActiveCfg = Debug|Any CPU
		{4C6247C8-AFE4-41DF-AB79-717C261DA431}.Debug|iPhoneSimulator.Build.0 = Debug|Any CPU
		{4C6247C8-AFE4-41DF-AB79-717C261DA431}.Debug|x64.ActiveCfg = Debug|Any CPU
		{4C6247C8-AFE4-41DF-AB79-717C261DA431}.Debug|x64.Build.0 = Debug|Any CPU
		{4C6247C8-AFE4-41DF-AB79-717C261DA431}.Debug|x86.ActiveCfg = Debug|Any CPU
		{4C6247C8-AFE4-41DF-AB79-717C261DA431}.Debug|x86.Build.0 = Debug|Any CPU
		{4C6247C8-AFE4-41DF-AB79-717C261DA431}.Release|Any CPU.ActiveCfg = Release|Any CPU
		{4C6247C8-AFE4-41DF-AB79-717C261DA431}.Release|Any CPU.Build.0 = Release|Any CPU
		{4C6247C8-AFE4-41DF-AB79-717C261DA431}.Release|ARM.ActiveCfg = Release|Any CPU
		{4C6247C8-AFE4-41DF-AB79-717C261DA431}.Release|ARM.Build.0 = Release|Any CPU
		{4C6247C8-AFE4-41DF-AB79-717C261DA431}.Release|ARM64.ActiveCfg = Release|Any CPU
		{4C6247C8-AFE4-41DF-AB79-717C261DA431}.Release|ARM64.Build.0 = Release|Any CPU
		{4C6247C8-AFE4-41DF-AB79-717C261DA431}.Release|iPhone.ActiveCfg = Release|Any CPU
		{4C6247C8-AFE4-41DF-AB79-717C261DA431}.Release|iPhone.Build.0 = Release|Any CPU
		{4C6247C8-AFE4-41DF-AB79-717C261DA431}.Release|iPhoneSimulator.ActiveCfg = Release|Any CPU
		{4C6247C8-AFE4-41DF-AB79-717C261DA431}.Release|iPhoneSimulator.Build.0 = Release|Any CPU
		{4C6247C8-AFE4-41DF-AB79-717C261DA431}.Release|x64.ActiveCfg = Release|Any CPU
		{4C6247C8-AFE4-41DF-AB79-717C261DA431}.Release|x64.Build.0 = Release|Any CPU
		{4C6247C8-AFE4-41DF-AB79-717C261DA431}.Release|x86.ActiveCfg = Release|Any CPU
		{4C6247C8-AFE4-41DF-AB79-717C261DA431}.Release|x86.Build.0 = Release|Any CPU
		{3D3C0D90-4900-4084-8E3D-9B06FE3E4894}.Debug|Any CPU.ActiveCfg = Debug|Any CPU
		{3D3C0D90-4900-4084-8E3D-9B06FE3E4894}.Debug|Any CPU.Build.0 = Debug|Any CPU
		{3D3C0D90-4900-4084-8E3D-9B06FE3E4894}.Debug|ARM.ActiveCfg = Debug|Any CPU
		{3D3C0D90-4900-4084-8E3D-9B06FE3E4894}.Debug|ARM.Build.0 = Debug|Any CPU
		{3D3C0D90-4900-4084-8E3D-9B06FE3E4894}.Debug|ARM64.ActiveCfg = Debug|Any CPU
		{3D3C0D90-4900-4084-8E3D-9B06FE3E4894}.Debug|ARM64.Build.0 = Debug|Any CPU
		{3D3C0D90-4900-4084-8E3D-9B06FE3E4894}.Debug|iPhone.ActiveCfg = Debug|Any CPU
		{3D3C0D90-4900-4084-8E3D-9B06FE3E4894}.Debug|iPhone.Build.0 = Debug|Any CPU
		{3D3C0D90-4900-4084-8E3D-9B06FE3E4894}.Debug|iPhoneSimulator.ActiveCfg = Debug|Any CPU
		{3D3C0D90-4900-4084-8E3D-9B06FE3E4894}.Debug|iPhoneSimulator.Build.0 = Debug|Any CPU
		{3D3C0D90-4900-4084-8E3D-9B06FE3E4894}.Debug|x64.ActiveCfg = Debug|Any CPU
		{3D3C0D90-4900-4084-8E3D-9B06FE3E4894}.Debug|x64.Build.0 = Debug|Any CPU
		{3D3C0D90-4900-4084-8E3D-9B06FE3E4894}.Debug|x86.ActiveCfg = Debug|Any CPU
		{3D3C0D90-4900-4084-8E3D-9B06FE3E4894}.Debug|x86.Build.0 = Debug|Any CPU
		{3D3C0D90-4900-4084-8E3D-9B06FE3E4894}.Release|Any CPU.ActiveCfg = Release|Any CPU
		{3D3C0D90-4900-4084-8E3D-9B06FE3E4894}.Release|Any CPU.Build.0 = Release|Any CPU
		{3D3C0D90-4900-4084-8E3D-9B06FE3E4894}.Release|ARM.ActiveCfg = Release|Any CPU
		{3D3C0D90-4900-4084-8E3D-9B06FE3E4894}.Release|ARM.Build.0 = Release|Any CPU
		{3D3C0D90-4900-4084-8E3D-9B06FE3E4894}.Release|ARM64.ActiveCfg = Release|Any CPU
		{3D3C0D90-4900-4084-8E3D-9B06FE3E4894}.Release|ARM64.Build.0 = Release|Any CPU
		{3D3C0D90-4900-4084-8E3D-9B06FE3E4894}.Release|iPhone.ActiveCfg = Release|Any CPU
		{3D3C0D90-4900-4084-8E3D-9B06FE3E4894}.Release|iPhone.Build.0 = Release|Any CPU
		{3D3C0D90-4900-4084-8E3D-9B06FE3E4894}.Release|iPhoneSimulator.ActiveCfg = Release|Any CPU
		{3D3C0D90-4900-4084-8E3D-9B06FE3E4894}.Release|iPhoneSimulator.Build.0 = Release|Any CPU
		{3D3C0D90-4900-4084-8E3D-9B06FE3E4894}.Release|x64.ActiveCfg = Release|Any CPU
		{3D3C0D90-4900-4084-8E3D-9B06FE3E4894}.Release|x64.Build.0 = Release|Any CPU
		{3D3C0D90-4900-4084-8E3D-9B06FE3E4894}.Release|x86.ActiveCfg = Release|Any CPU
		{3D3C0D90-4900-4084-8E3D-9B06FE3E4894}.Release|x86.Build.0 = Release|Any CPU
		{DC07BCFE-EAF5-410B-B4EE-0A7B0490B5AD}.Debug|Any CPU.ActiveCfg = Debug|x86
		{DC07BCFE-EAF5-410B-B4EE-0A7B0490B5AD}.Debug|Any CPU.Build.0 = Debug|x86
		{DC07BCFE-EAF5-410B-B4EE-0A7B0490B5AD}.Debug|Any CPU.Deploy.0 = Debug|x86
		{DC07BCFE-EAF5-410B-B4EE-0A7B0490B5AD}.Debug|ARM.ActiveCfg = Debug|ARM
		{DC07BCFE-EAF5-410B-B4EE-0A7B0490B5AD}.Debug|ARM.Build.0 = Debug|ARM
		{DC07BCFE-EAF5-410B-B4EE-0A7B0490B5AD}.Debug|ARM.Deploy.0 = Debug|ARM
		{DC07BCFE-EAF5-410B-B4EE-0A7B0490B5AD}.Debug|ARM64.ActiveCfg = Debug|ARM64
		{DC07BCFE-EAF5-410B-B4EE-0A7B0490B5AD}.Debug|ARM64.Build.0 = Debug|ARM64
		{DC07BCFE-EAF5-410B-B4EE-0A7B0490B5AD}.Debug|ARM64.Deploy.0 = Debug|ARM64
		{DC07BCFE-EAF5-410B-B4EE-0A7B0490B5AD}.Debug|iPhone.ActiveCfg = Debug|x86
		{DC07BCFE-EAF5-410B-B4EE-0A7B0490B5AD}.Debug|iPhoneSimulator.ActiveCfg = Debug|x86
		{DC07BCFE-EAF5-410B-B4EE-0A7B0490B5AD}.Debug|x64.ActiveCfg = Debug|x64
		{DC07BCFE-EAF5-410B-B4EE-0A7B0490B5AD}.Debug|x64.Build.0 = Debug|x64
		{DC07BCFE-EAF5-410B-B4EE-0A7B0490B5AD}.Debug|x64.Deploy.0 = Debug|x64
		{DC07BCFE-EAF5-410B-B4EE-0A7B0490B5AD}.Debug|x86.ActiveCfg = Debug|x86
		{DC07BCFE-EAF5-410B-B4EE-0A7B0490B5AD}.Debug|x86.Build.0 = Debug|x86
		{DC07BCFE-EAF5-410B-B4EE-0A7B0490B5AD}.Debug|x86.Deploy.0 = Debug|x86
		{DC07BCFE-EAF5-410B-B4EE-0A7B0490B5AD}.Release|Any CPU.ActiveCfg = Release|x86
		{DC07BCFE-EAF5-410B-B4EE-0A7B0490B5AD}.Release|ARM.ActiveCfg = Release|ARM
		{DC07BCFE-EAF5-410B-B4EE-0A7B0490B5AD}.Release|ARM.Build.0 = Release|ARM
		{DC07BCFE-EAF5-410B-B4EE-0A7B0490B5AD}.Release|ARM.Deploy.0 = Release|ARM
		{DC07BCFE-EAF5-410B-B4EE-0A7B0490B5AD}.Release|ARM64.ActiveCfg = Release|ARM64
		{DC07BCFE-EAF5-410B-B4EE-0A7B0490B5AD}.Release|ARM64.Build.0 = Release|ARM64
		{DC07BCFE-EAF5-410B-B4EE-0A7B0490B5AD}.Release|ARM64.Deploy.0 = Release|ARM64
		{DC07BCFE-EAF5-410B-B4EE-0A7B0490B5AD}.Release|iPhone.ActiveCfg = Release|x86
		{DC07BCFE-EAF5-410B-B4EE-0A7B0490B5AD}.Release|iPhoneSimulator.ActiveCfg = Release|x86
		{DC07BCFE-EAF5-410B-B4EE-0A7B0490B5AD}.Release|x64.ActiveCfg = Release|x64
		{DC07BCFE-EAF5-410B-B4EE-0A7B0490B5AD}.Release|x64.Build.0 = Release|x64
		{DC07BCFE-EAF5-410B-B4EE-0A7B0490B5AD}.Release|x64.Deploy.0 = Release|x64
		{DC07BCFE-EAF5-410B-B4EE-0A7B0490B5AD}.Release|x86.ActiveCfg = Release|x86
		{DC07BCFE-EAF5-410B-B4EE-0A7B0490B5AD}.Release|x86.Build.0 = Release|x86
		{DC07BCFE-EAF5-410B-B4EE-0A7B0490B5AD}.Release|x86.Deploy.0 = Release|x86
		{933822D5-F6EA-47DC-AC9F-E27898F20F49}.Debug|Any CPU.ActiveCfg = Debug|x86
		{933822D5-F6EA-47DC-AC9F-E27898F20F49}.Debug|Any CPU.Build.0 = Debug|x86
		{933822D5-F6EA-47DC-AC9F-E27898F20F49}.Debug|Any CPU.Deploy.0 = Debug|x86
		{933822D5-F6EA-47DC-AC9F-E27898F20F49}.Debug|ARM.ActiveCfg = Debug|ARM
		{933822D5-F6EA-47DC-AC9F-E27898F20F49}.Debug|ARM.Build.0 = Debug|ARM
		{933822D5-F6EA-47DC-AC9F-E27898F20F49}.Debug|ARM.Deploy.0 = Debug|ARM
		{933822D5-F6EA-47DC-AC9F-E27898F20F49}.Debug|ARM64.ActiveCfg = Debug|ARM64
		{933822D5-F6EA-47DC-AC9F-E27898F20F49}.Debug|ARM64.Build.0 = Debug|ARM64
		{933822D5-F6EA-47DC-AC9F-E27898F20F49}.Debug|ARM64.Deploy.0 = Debug|ARM64
		{933822D5-F6EA-47DC-AC9F-E27898F20F49}.Debug|iPhone.ActiveCfg = Debug|x86
		{933822D5-F6EA-47DC-AC9F-E27898F20F49}.Debug|iPhoneSimulator.ActiveCfg = Debug|x86
		{933822D5-F6EA-47DC-AC9F-E27898F20F49}.Debug|x64.ActiveCfg = Debug|x64
		{933822D5-F6EA-47DC-AC9F-E27898F20F49}.Debug|x64.Build.0 = Debug|x64
		{933822D5-F6EA-47DC-AC9F-E27898F20F49}.Debug|x64.Deploy.0 = Debug|x64
		{933822D5-F6EA-47DC-AC9F-E27898F20F49}.Debug|x86.ActiveCfg = Debug|x86
		{933822D5-F6EA-47DC-AC9F-E27898F20F49}.Debug|x86.Build.0 = Debug|x86
		{933822D5-F6EA-47DC-AC9F-E27898F20F49}.Debug|x86.Deploy.0 = Debug|x86
		{933822D5-F6EA-47DC-AC9F-E27898F20F49}.Release|Any CPU.ActiveCfg = Release|x86
		{933822D5-F6EA-47DC-AC9F-E27898F20F49}.Release|ARM.ActiveCfg = Release|ARM
		{933822D5-F6EA-47DC-AC9F-E27898F20F49}.Release|ARM.Build.0 = Release|ARM
		{933822D5-F6EA-47DC-AC9F-E27898F20F49}.Release|ARM.Deploy.0 = Release|ARM
		{933822D5-F6EA-47DC-AC9F-E27898F20F49}.Release|ARM64.ActiveCfg = Release|ARM64
		{933822D5-F6EA-47DC-AC9F-E27898F20F49}.Release|ARM64.Build.0 = Release|ARM64
		{933822D5-F6EA-47DC-AC9F-E27898F20F49}.Release|ARM64.Deploy.0 = Release|ARM64
		{933822D5-F6EA-47DC-AC9F-E27898F20F49}.Release|iPhone.ActiveCfg = Release|x86
		{933822D5-F6EA-47DC-AC9F-E27898F20F49}.Release|iPhoneSimulator.ActiveCfg = Release|x86
		{933822D5-F6EA-47DC-AC9F-E27898F20F49}.Release|x64.ActiveCfg = Release|x64
		{933822D5-F6EA-47DC-AC9F-E27898F20F49}.Release|x64.Build.0 = Release|x64
		{933822D5-F6EA-47DC-AC9F-E27898F20F49}.Release|x64.Deploy.0 = Release|x64
		{933822D5-F6EA-47DC-AC9F-E27898F20F49}.Release|x86.ActiveCfg = Release|x86
		{933822D5-F6EA-47DC-AC9F-E27898F20F49}.Release|x86.Build.0 = Release|x86
		{933822D5-F6EA-47DC-AC9F-E27898F20F49}.Release|x86.Deploy.0 = Release|x86
		{801B5A30-0EFC-4584-A61F-3253370BA480}.Debug|Any CPU.ActiveCfg = Debug|Any CPU
		{801B5A30-0EFC-4584-A61F-3253370BA480}.Debug|Any CPU.Build.0 = Debug|Any CPU
		{801B5A30-0EFC-4584-A61F-3253370BA480}.Debug|ARM.ActiveCfg = Debug|Any CPU
		{801B5A30-0EFC-4584-A61F-3253370BA480}.Debug|ARM.Build.0 = Debug|Any CPU
		{801B5A30-0EFC-4584-A61F-3253370BA480}.Debug|ARM64.ActiveCfg = Debug|Any CPU
		{801B5A30-0EFC-4584-A61F-3253370BA480}.Debug|ARM64.Build.0 = Debug|Any CPU
		{801B5A30-0EFC-4584-A61F-3253370BA480}.Debug|iPhone.ActiveCfg = Debug|Any CPU
		{801B5A30-0EFC-4584-A61F-3253370BA480}.Debug|iPhone.Build.0 = Debug|Any CPU
		{801B5A30-0EFC-4584-A61F-3253370BA480}.Debug|iPhoneSimulator.ActiveCfg = Debug|Any CPU
		{801B5A30-0EFC-4584-A61F-3253370BA480}.Debug|iPhoneSimulator.Build.0 = Debug|Any CPU
		{801B5A30-0EFC-4584-A61F-3253370BA480}.Debug|x64.ActiveCfg = Debug|Any CPU
		{801B5A30-0EFC-4584-A61F-3253370BA480}.Debug|x64.Build.0 = Debug|Any CPU
		{801B5A30-0EFC-4584-A61F-3253370BA480}.Debug|x86.ActiveCfg = Debug|Any CPU
		{801B5A30-0EFC-4584-A61F-3253370BA480}.Debug|x86.Build.0 = Debug|Any CPU
		{801B5A30-0EFC-4584-A61F-3253370BA480}.Release|Any CPU.ActiveCfg = Release|Any CPU
		{801B5A30-0EFC-4584-A61F-3253370BA480}.Release|Any CPU.Build.0 = Release|Any CPU
		{801B5A30-0EFC-4584-A61F-3253370BA480}.Release|ARM.ActiveCfg = Release|Any CPU
		{801B5A30-0EFC-4584-A61F-3253370BA480}.Release|ARM.Build.0 = Release|Any CPU
		{801B5A30-0EFC-4584-A61F-3253370BA480}.Release|ARM64.ActiveCfg = Release|Any CPU
		{801B5A30-0EFC-4584-A61F-3253370BA480}.Release|ARM64.Build.0 = Release|Any CPU
		{801B5A30-0EFC-4584-A61F-3253370BA480}.Release|iPhone.ActiveCfg = Release|Any CPU
		{801B5A30-0EFC-4584-A61F-3253370BA480}.Release|iPhone.Build.0 = Release|Any CPU
		{801B5A30-0EFC-4584-A61F-3253370BA480}.Release|iPhoneSimulator.ActiveCfg = Release|Any CPU
		{801B5A30-0EFC-4584-A61F-3253370BA480}.Release|iPhoneSimulator.Build.0 = Release|Any CPU
		{801B5A30-0EFC-4584-A61F-3253370BA480}.Release|x64.ActiveCfg = Release|Any CPU
		{801B5A30-0EFC-4584-A61F-3253370BA480}.Release|x64.Build.0 = Release|Any CPU
		{801B5A30-0EFC-4584-A61F-3253370BA480}.Release|x86.ActiveCfg = Release|Any CPU
		{801B5A30-0EFC-4584-A61F-3253370BA480}.Release|x86.Build.0 = Release|Any CPU
	EndGlobalSection
	GlobalSection(SolutionProperties) = preSolution
		HideSolutionNode = FALSE
	EndGlobalSection
	GlobalSection(ExtensibilityGlobals) = postSolution
		SolutionGuid = {06281F79-915E-40F8-93A3-4A18B01F15AE}
	EndGlobalSection
	GlobalSection(TeamFoundationVersionControl) = preSolution
		SccNumberOfProjects = 9
		SccEnterpriseProvider = {4CA58AB2-18FA-4F8D-95D4-32DDF27D184C}
		SccTeamFoundationServer = https://dev.azure.com/justdevelopmentleader1
		SccLocalPath0 = .
		SccProjectUniqueName1 = BLL\\BLL.csproj
		SccProjectName1 = BLL
		SccLocalPath1 = BLL
		SccProjectUniqueName2 = LahmaOnline.UWP\\LahmaOnline.UWP.csproj
		SccProjectName2 = LahmaOnline.UWP
		SccLocalPath2 = LahmaOnline.UWP
		SccProjectUniqueName3 = LahmaOnline\\LahmaOnline.Android\\LahmaOnline.Android.csproj
		SccProjectName3 = LahmaOnline/LahmaOnline.Android
		SccLocalPath3 = LahmaOnline\\LahmaOnline.Android
		SccProjectUniqueName4 = LahmaOnline\\LahmaOnline.iOS\\LahmaOnline.iOS.csproj
		SccProjectName4 = LahmaOnline/LahmaOnline.iOS
		SccLocalPath4 = LahmaOnline\\LahmaOnline.iOS
		SccProjectUniqueName5 = LahmaOnline\\LahmaOnline\\LahmaOnline.csproj
		SccProjectName5 = LahmaOnline/LahmaOnline
		SccLocalPath5 = LahmaOnline\\LahmaOnline
		SccProjectUniqueName6 = Server\\LahmaOnline.Server.csproj
		SccProjectName6 = Server
		SccLocalPath6 = Server
		SccProjectUniqueName7 = LahmaOnline.2UWP\\LahmaOnline.UWP2.csproj
		SccProjectName7 = LahmaOnline.2UWP
		SccLocalPath7 = LahmaOnline.2UWP
		SccProjectUniqueName8 = ..\\..\\LahmaOnline.WebChat\\LahmaOnline.WebChat.csproj
		SccProjectName8 = LahmaOnline.WebChat
		SccLocalPath8 = ..\\..\\LahmaOnline.WebChat
	EndGlobalSection
EndGlobal
